// !$*UTF8*$!
{
	archiveVersion = 1;
	classes = {
	};
	objectVersion = 55;
	objects = {

/* Begin PBXBuildFile section */
		A235853D294C683200B85F22 /* CoreDataService.swift in Sources */ = {isa = PBXBuildFile; fileRef = A235853C294C683200B85F22 /* CoreDataService.swift */; };
		A2358EC8293B2D4700220389 /* AppDelegate.swift in Sources */ = {isa = PBXBuildFile; fileRef = A2358EC7293B2D4700220389 /* AppDelegate.swift */; };
		A2358ECA293B2D4700220389 /* SceneDelegate.swift in Sources */ = {isa = PBXBuildFile; fileRef = A2358EC9293B2D4700220389 /* SceneDelegate.swift */; };
		A2358ECC293B2D4700220389 /* OverViewController.swift in Sources */ = {isa = PBXBuildFile; fileRef = A2358ECB293B2D4700220389 /* OverViewController.swift */; };
		A2358ECF293B2D4700220389 /* Main.storyboard in Resources */ = {isa = PBXBuildFile; fileRef = A2358ECD293B2D4700220389 /* Main.storyboard */; };
		A2358ED2293B2D4700220389 /* HorrorStory.xcdatamodeld in Sources */ = {isa = PBXBuildFile; fileRef = A2358ED0293B2D4700220389 /* HorrorStory.xcdatamodeld */; };
		A2358ED4293B2D4800220389 /* Assets.xcassets in Resources */ = {isa = PBXBuildFile; fileRef = A2358ED3293B2D4800220389 /* Assets.xcassets */; };
		A2358ED7293B2D4800220389 /* LaunchScreen.storyboard in Resources */ = {isa = PBXBuildFile; fileRef = A2358ED5293B2D4800220389 /* LaunchScreen.storyboard */; };
		A23F54C4295942AF001C900A /* CoreVideo+CoreDataClass.swift in Sources */ = {isa = PBXBuildFile; fileRef = A23F54C2295942AF001C900A /* CoreVideo+CoreDataClass.swift */; };
		A23F54C5295942AF001C900A /* CoreVideo+CoreDataProperties.swift in Sources */ = {isa = PBXBuildFile; fileRef = A23F54C3295942AF001C900A /* CoreVideo+CoreDataProperties.swift */; };
		A248E0B22941AF77005E293D /* PlayVideoViewController.swift in Sources */ = {isa = PBXBuildFile; fileRef = A248E0B12941AF77005E293D /* PlayVideoViewController.swift */; };
		A2535191293E2351000DEF86 /* OverViewModel.swift in Sources */ = {isa = PBXBuildFile; fileRef = A2535190293E2351000DEF86 /* OverViewModel.swift */; };
		A25822AF293E21B50067D409 /* OverViewTableViewCell.swift in Sources */ = {isa = PBXBuildFile; fileRef = A25822AE293E21B50067D409 /* OverViewTableViewCell.swift */; };
		A25B89AF2945677800DCF035 /* LikeListViewController.swift in Sources */ = {isa = PBXBuildFile; fileRef = A25B89AE2945677800DCF035 /* LikeListViewController.swift */; };
		A26645C72941BDE2009371A8 /* WebKit.framework in Frameworks */ = {isa = PBXBuildFile; fileRef = A26645C62941BDE2009371A8 /* WebKit.framework */; };
		A26645CB29434039009371A8 /* VideoModel.swift in Sources */ = {isa = PBXBuildFile; fileRef = A26645CA29434039009371A8 /* VideoModel.swift */; };
		A26AB84E293EE4F30036C000 /* Constants.swift in Sources */ = {isa = PBXBuildFile; fileRef = A26AB84D293EE4F30036C000 /* Constants.swift */; };
		A26AB851293EF3CB0036C000 /* PlayListVideo.swift in Sources */ = {isa = PBXBuildFile; fileRef = A26AB850293EF3CB0036C000 /* PlayListVideo.swift */; };
		A26B16E4294AB66F00645EA6 /* LikeVideoViewController.swift in Sources */ = {isa = PBXBuildFile; fileRef = A26B16E3294AB66F00645EA6 /* LikeVideoViewController.swift */; };
		A26B16F0294B186200645EA6 /* Ch1UrlParseModel.swift in Sources */ = {isa = PBXBuildFile; fileRef = A26B16EF294B186200645EA6 /* Ch1UrlParseModel.swift */; };
		A26B16F2294B20F400645EA6 /* Ch2UrlParseModel.swift in Sources */ = {isa = PBXBuildFile; fileRef = A26B16F1294B20F400645EA6 /* Ch2UrlParseModel.swift */; };
		A26B16F4294B249A00645EA6 /* Ch3UrlParseModel.swift in Sources */ = {isa = PBXBuildFile; fileRef = A26B16F3294B249A00645EA6 /* Ch3UrlParseModel.swift */; };
		A26B16F6294B25BB00645EA6 /* Ch4UrlParseModel.swift in Sources */ = {isa = PBXBuildFile; fileRef = A26B16F5294B25BB00645EA6 /* Ch4UrlParseModel.swift */; };
		A26B16F8294B264A00645EA6 /* Ch5UrlParseModel.swift in Sources */ = {isa = PBXBuildFile; fileRef = A26B16F7294B264A00645EA6 /* Ch5UrlParseModel.swift */; };
		A26B16FA294B27AE00645EA6 /* Ch6UrlParseModel.swift in Sources */ = {isa = PBXBuildFile; fileRef = A26B16F9294B27AE00645EA6 /* Ch6UrlParseModel.swift */; };
		A273538C29588FAB000EB48E /* CoreDataStack.swift in Sources */ = {isa = PBXBuildFile; fileRef = A273538B29588FAB000EB48E /* CoreDataStack.swift */; };
		A2B2EA73293EFBC100A22FEA /* PlayListResponse.swift in Sources */ = {isa = PBXBuildFile; fileRef = A2B2EA72293EFBC100A22FEA /* PlayListResponse.swift */; };
		A2B2EA75293F00FB00A22FEA /* URLParseModel.swift in Sources */ = {isa = PBXBuildFile; fileRef = A2B2EA74293F00FB00A22FEA /* URLParseModel.swift */; };
		A2B2EA77293F21AB00A22FEA /* PlayListViewController.swift in Sources */ = {isa = PBXBuildFile; fileRef = A2B2EA76293F21AB00A22FEA /* PlayListViewController.swift */; };
		A2B2EA79293F254000A22FEA /* PlayListTableViewCell.swift in Sources */ = {isa = PBXBuildFile; fileRef = A2B2EA78293F254000A22FEA /* PlayListTableViewCell.swift */; };
		A2B2EA7B293F369400A22FEA /* CacheManager.swift in Sources */ = {isa = PBXBuildFile; fileRef = A2B2EA7A293F369400A22FEA /* CacheManager.swift */; };
/* End PBXBuildFile section */

/* Begin PBXFileReference section */
		A235853C294C683200B85F22 /* CoreDataService.swift */ = {isa = PBXFileReference; lastKnownFileType = sourcecode.swift; path = CoreDataService.swift; sourceTree = "<group>"; };
		A2358EC4293B2D4700220389 /* HorrorStory.app */ = {isa = PBXFileReference; explicitFileType = wrapper.application; includeInIndex = 0; path = HorrorStory.app; sourceTree = BUILT_PRODUCTS_DIR; };
		A2358EC7293B2D4700220389 /* AppDelegate.swift */ = {isa = PBXFileReference; lastKnownFileType = sourcecode.swift; path = AppDelegate.swift; sourceTree = "<group>"; };
		A2358EC9293B2D4700220389 /* SceneDelegate.swift */ = {isa = PBXFileReference; lastKnownFileType = sourcecode.swift; path = SceneDelegate.swift; sourceTree = "<group>"; };
		A2358ECB293B2D4700220389 /* OverViewController.swift */ = {isa = PBXFileReference; lastKnownFileType = sourcecode.swift; path = OverViewController.swift; sourceTree = "<group>"; };
		A2358ECE293B2D4700220389 /* Base */ = {isa = PBXFileReference; lastKnownFileType = file.storyboard; name = Base; path = Base.lproj/Main.storyboard; sourceTree = "<group>"; };
		A2358ED1293B2D4700220389 /* HorrorStory.xcdatamodel */ = {isa = PBXFileReference; lastKnownFileType = wrapper.xcdatamodel; path = HorrorStory.xcdatamodel; sourceTree = "<group>"; };
		A2358ED3293B2D4800220389 /* Assets.xcassets */ = {isa = PBXFileReference; lastKnownFileType = folder.assetcatalog; path = Assets.xcassets; sourceTree = "<group>"; };
		A2358ED6293B2D4800220389 /* Base */ = {isa = PBXFileReference; lastKnownFileType = file.storyboard; name = Base; path = Base.lproj/LaunchScreen.storyboard; sourceTree = "<group>"; };
		A2358ED8293B2D4800220389 /* Info.plist */ = {isa = PBXFileReference; lastKnownFileType = text.plist.xml; path = Info.plist; sourceTree = "<group>"; };
		A23F54C2295942AF001C900A /* CoreVideo+CoreDataClass.swift */ = {isa = PBXFileReference; lastKnownFileType = sourcecode.swift; path = "CoreVideo+CoreDataClass.swift"; sourceTree = "<group>"; };
		A23F54C3295942AF001C900A /* CoreVideo+CoreDataProperties.swift */ = {isa = PBXFileReference; lastKnownFileType = sourcecode.swift; path = "CoreVideo+CoreDataProperties.swift"; sourceTree = "<group>"; };
		A248E0B12941AF77005E293D /* PlayVideoViewController.swift */ = {isa = PBXFileReference; lastKnownFileType = sourcecode.swift; path = PlayVideoViewController.swift; sourceTree = "<group>"; };
		A2535190293E2351000DEF86 /* OverViewModel.swift */ = {isa = PBXFileReference; lastKnownFileType = sourcecode.swift; path = OverViewModel.swift; sourceTree = "<group>"; };
		A25822AE293E21B50067D409 /* OverViewTableViewCell.swift */ = {isa = PBXFileReference; lastKnownFileType = sourcecode.swift; path = OverViewTableViewCell.swift; sourceTree = "<group>"; };
		A25B89AE2945677800DCF035 /* LikeListViewController.swift */ = {isa = PBXFileReference; lastKnownFileType = sourcecode.swift; path = LikeListViewController.swift; sourceTree = "<group>"; };
		A26645C62941BDE2009371A8 /* WebKit.framework */ = {isa = PBXFileReference; lastKnownFileType = wrapper.framework; name = WebKit.framework; path = System/Library/Frameworks/WebKit.framework; sourceTree = SDKROOT; };
		A26645CA29434039009371A8 /* VideoModel.swift */ = {isa = PBXFileReference; lastKnownFileType = sourcecode.swift; path = VideoModel.swift; sourceTree = "<group>"; };
		A26AB84D293EE4F30036C000 /* Constants.swift */ = {isa = PBXFileReference; lastKnownFileType = sourcecode.swift; path = Constants.swift; sourceTree = "<group>"; };
		A26AB850293EF3CB0036C000 /* PlayListVideo.swift */ = {isa = PBXFileReference; lastKnownFileType = sourcecode.swift; path = PlayListVideo.swift; sourceTree = "<group>"; };
		A26B16E3294AB66F00645EA6 /* LikeVideoViewController.swift */ = {isa = PBXFileReference; lastKnownFileType = sourcecode.swift; path = LikeVideoViewController.swift; sourceTree = "<group>"; };
		A26B16EF294B186200645EA6 /* Ch1UrlParseModel.swift */ = {isa = PBXFileReference; lastKnownFileType = sourcecode.swift; path = Ch1UrlParseModel.swift; sourceTree = "<group>"; };
		A26B16F1294B20F400645EA6 /* Ch2UrlParseModel.swift */ = {isa = PBXFileReference; lastKnownFileType = sourcecode.swift; path = Ch2UrlParseModel.swift; sourceTree = "<group>"; };
		A26B16F3294B249A00645EA6 /* Ch3UrlParseModel.swift */ = {isa = PBXFileReference; lastKnownFileType = sourcecode.swift; path = Ch3UrlParseModel.swift; sourceTree = "<group>"; };
		A26B16F5294B25BB00645EA6 /* Ch4UrlParseModel.swift */ = {isa = PBXFileReference; lastKnownFileType = sourcecode.swift; path = Ch4UrlParseModel.swift; sourceTree = "<group>"; };
		A26B16F7294B264A00645EA6 /* Ch5UrlParseModel.swift */ = {isa = PBXFileReference; lastKnownFileType = sourcecode.swift; path = Ch5UrlParseModel.swift; sourceTree = "<group>"; };
		A26B16F9294B27AE00645EA6 /* Ch6UrlParseModel.swift */ = {isa = PBXFileReference; lastKnownFileType = sourcecode.swift; path = Ch6UrlParseModel.swift; sourceTree = "<group>"; };
		A273538B29588FAB000EB48E /* CoreDataStack.swift */ = {isa = PBXFileReference; lastKnownFileType = sourcecode.swift; path = CoreDataStack.swift; sourceTree = "<group>"; };
		A2B2EA72293EFBC100A22FEA /* PlayListResponse.swift */ = {isa = PBXFileReference; lastKnownFileType = sourcecode.swift; path = PlayListResponse.swift; sourceTree = "<group>"; };
		A2B2EA74293F00FB00A22FEA /* URLParseModel.swift */ = {isa = PBXFileReference; lastKnownFileType = sourcecode.swift; path = URLParseModel.swift; sourceTree = "<group>"; };
		A2B2EA76293F21AB00A22FEA /* PlayListViewController.swift */ = {isa = PBXFileReference; lastKnownFileType = sourcecode.swift; path = PlayListViewController.swift; sourceTree = "<group>"; };
		A2B2EA78293F254000A22FEA /* PlayListTableViewCell.swift */ = {isa = PBXFileReference; lastKnownFileType = sourcecode.swift; path = PlayListTableViewCell.swift; sourceTree = "<group>"; };
		A2B2EA7A293F369400A22FEA /* CacheManager.swift */ = {isa = PBXFileReference; lastKnownFileType = sourcecode.swift; path = CacheManager.swift; sourceTree = "<group>"; };
/* End PBXFileReference section */

/* Begin PBXFrameworksBuildPhase section */
		A2358EC1293B2D4700220389 /* Frameworks */ = {
			isa = PBXFrameworksBuildPhase;
			buildActionMask = 2147483647;
			files = (
				A26645C72941BDE2009371A8 /* WebKit.framework in Frameworks */,
			);
			runOnlyForDeploymentPostprocessing = 0;
		};
/* End PBXFrameworksBuildPhase section */

/* Begin PBXGroup section */
		A2358EBB293B2D4700220389 = {
			isa = PBXGroup;
			children = (
				A2358EC6293B2D4700220389 /* HorrorStory */,
				A2358EC5293B2D4700220389 /* Products */,
				A26645C52941BDE2009371A8 /* Frameworks */,
			);
			sourceTree = "<group>";
		};
		A2358EC5293B2D4700220389 /* Products */ = {
			isa = PBXGroup;
			children = (
				A2358EC4293B2D4700220389 /* HorrorStory.app */,
			);
			name = Products;
			sourceTree = "<group>";
		};
		A2358EC6293B2D4700220389 /* HorrorStory */ = {
			isa = PBXGroup;
			children = (
				A2358EC7293B2D4700220389 /* AppDelegate.swift */,
				A2358EC9293B2D4700220389 /* SceneDelegate.swift */,
				A26B16ED294B137500645EA6 /* CoreData */,
				A26AB84F293EF3610036C000 /* Helpers */,
				A2535192293E235C000DEF86 /* Model */,
				A2535193293E236A000DEF86 /* Controller */,
				A2535194293E2390000DEF86 /* TableViewCell */,
				A2358ECD293B2D4700220389 /* Main.storyboard */,
				A2358ED3293B2D4800220389 /* Assets.xcassets */,
				A2358ED5293B2D4800220389 /* LaunchScreen.storyboard */,
				A2358ED8293B2D4800220389 /* Info.plist */,
				A2358ED0293B2D4700220389 /* HorrorStory.xcdatamodeld */,
			);
			path = HorrorStory;
			sourceTree = "<group>";
		};
		A2535192293E235C000DEF86 /* Model */ = {
			isa = PBXGroup;
			children = (
				A26B16EE294B17CA00645EA6 /* ChannelParse */,
				A2535190293E2351000DEF86 /* OverViewModel.swift */,
				A26AB850293EF3CB0036C000 /* PlayListVideo.swift */,
				A2B2EA72293EFBC100A22FEA /* PlayListResponse.swift */,
				A26645CA29434039009371A8 /* VideoModel.swift */,
				A2B2EA74293F00FB00A22FEA /* URLParseModel.swift */,
				A235853C294C683200B85F22 /* CoreDataService.swift */,
			);
			path = Model;
			sourceTree = "<group>";
		};
		A2535193293E236A000DEF86 /* Controller */ = {
			isa = PBXGroup;
			children = (
				A2358ECB293B2D4700220389 /* OverViewController.swift */,
				A2B2EA76293F21AB00A22FEA /* PlayListViewController.swift */,
				A248E0B12941AF77005E293D /* PlayVideoViewController.swift */,
				A25B89AE2945677800DCF035 /* LikeListViewController.swift */,
				A26B16E3294AB66F00645EA6 /* LikeVideoViewController.swift */,
			);
			path = Controller;
			sourceTree = "<group>";
		};
		A2535194293E2390000DEF86 /* TableViewCell */ = {
			isa = PBXGroup;
			children = (
				A25822AE293E21B50067D409 /* OverViewTableViewCell.swift */,
				A2B2EA78293F254000A22FEA /* PlayListTableViewCell.swift */,
			);
			path = TableViewCell;
			sourceTree = "<group>";
		};
		A26645C52941BDE2009371A8 /* Frameworks */ = {
			isa = PBXGroup;
			children = (
				A26645C62941BDE2009371A8 /* WebKit.framework */,
			);
			name = Frameworks;
			sourceTree = "<group>";
		};
		A26AB84F293EF3610036C000 /* Helpers */ = {
			isa = PBXGroup;
			children = (
				A26AB84D293EE4F30036C000 /* Constants.swift */,
				A273538B29588FAB000EB48E /* CoreDataStack.swift */,
				A2B2EA7A293F369400A22FEA /* CacheManager.swift */,
			);
			path = Helpers;
			sourceTree = "<group>";
		};
		A26B16ED294B137500645EA6 /* CoreData */ = {
			isa = PBXGroup;
			children = (
				A23F54C2295942AF001C900A /* CoreVideo+CoreDataClass.swift */,
				A23F54C3295942AF001C900A /* CoreVideo+CoreDataProperties.swift */,
			);
			path = CoreData;
			sourceTree = "<group>";
		};
		A26B16EE294B17CA00645EA6 /* ChannelParse */ = {
			isa = PBXGroup;
			children = (
				A26B16EF294B186200645EA6 /* Ch1UrlParseModel.swift */,
				A26B16F1294B20F400645EA6 /* Ch2UrlParseModel.swift */,
				A26B16F3294B249A00645EA6 /* Ch3UrlParseModel.swift */,
				A26B16F5294B25BB00645EA6 /* Ch4UrlParseModel.swift */,
				A26B16F7294B264A00645EA6 /* Ch5UrlParseModel.swift */,
				A26B16F9294B27AE00645EA6 /* Ch6UrlParseModel.swift */,
			);
			path = ChannelParse;
			sourceTree = "<group>";
		};
/* End PBXGroup section */

/* Begin PBXNativeTarget section */
		A2358EC3293B2D4700220389 /* HorrorStory */ = {
			isa = PBXNativeTarget;
			buildConfigurationList = A2358EDB293B2D4800220389 /* Build configuration list for PBXNativeTarget "HorrorStory" */;
			buildPhases = (
				A2358EC0293B2D4700220389 /* Sources */,
				A2358EC1293B2D4700220389 /* Frameworks */,
				A2358EC2293B2D4700220389 /* Resources */,
			);
			buildRules = (
			);
			dependencies = (
			);
			name = HorrorStory;
			productName = HorrorStory;
			productReference = A2358EC4293B2D4700220389 /* HorrorStory.app */;
			productType = "com.apple.product-type.application";
		};
/* End PBXNativeTarget section */

/* Begin PBXProject section */
		A2358EBC293B2D4700220389 /* Project object */ = {
			isa = PBXProject;
			attributes = {
				BuildIndependentTargetsInParallel = 1;
				LastSwiftUpdateCheck = 1320;
				LastUpgradeCheck = 1320;
				TargetAttributes = {
					A2358EC3293B2D4700220389 = {
						CreatedOnToolsVersion = 13.2.1;
					};
				};
			};
			buildConfigurationList = A2358EBF293B2D4700220389 /* Build configuration list for PBXProject "HorrorStory" */;
			compatibilityVersion = "Xcode 13.0";
			developmentRegion = en;
			hasScannedForEncodings = 0;
			knownRegions = (
				en,
				Base,
			);
			mainGroup = A2358EBB293B2D4700220389;
			productRefGroup = A2358EC5293B2D4700220389 /* Products */;
			projectDirPath = "";
			projectRoot = "";
			targets = (
				A2358EC3293B2D4700220389 /* HorrorStory */,
			);
		};
/* End PBXProject section */

/* Begin PBXResourcesBuildPhase section */
		A2358EC2293B2D4700220389 /* Resources */ = {
			isa = PBXResourcesBuildPhase;
			buildActionMask = 2147483647;
			files = (
				A2358ED7293B2D4800220389 /* LaunchScreen.storyboard in Resources */,
				A2358ED4293B2D4800220389 /* Assets.xcassets in Resources */,
				A2358ECF293B2D4700220389 /* Main.storyboard in Resources */,
			);
			runOnlyForDeploymentPostprocessing = 0;
		};
/* End PBXResourcesBuildPhase section */

/* Begin PBXSourcesBuildPhase section */
		A2358EC0293B2D4700220389 /* Sources */ = {
			isa = PBXSourcesBuildPhase;
			buildActionMask = 2147483647;
			files = (
				A26B16F6294B25BB00645EA6 /* Ch4UrlParseModel.swift in Sources */,
				A2B2EA7B293F369400A22FEA /* CacheManager.swift in Sources */,
				A2358ECC293B2D4700220389 /* OverViewController.swift in Sources */,
				A2B2EA77293F21AB00A22FEA /* PlayListViewController.swift in Sources */,
				A23F54C5295942AF001C900A /* CoreVideo+CoreDataProperties.swift in Sources */,
				A26B16E4294AB66F00645EA6 /* LikeVideoViewController.swift in Sources */,
				A26AB851293EF3CB0036C000 /* PlayListVideo.swift in Sources */,
				A248E0B22941AF77005E293D /* PlayVideoViewController.swift in Sources */,
				A26B16FA294B27AE00645EA6 /* Ch6UrlParseModel.swift in Sources */,
				A26B16F8294B264A00645EA6 /* Ch5UrlParseModel.swift in Sources */,
				A2B2EA73293EFBC100A22FEA /* PlayListResponse.swift in Sources */,
				A23F54C4295942AF001C900A /* CoreVideo+CoreDataClass.swift in Sources */,
				A2B2EA75293F00FB00A22FEA /* URLParseModel.swift in Sources */,
				A25822AF293E21B50067D409 /* OverViewTableViewCell.swift in Sources */,
				A26B16F2294B20F400645EA6 /* Ch2UrlParseModel.swift in Sources */,
				A2358ED2293B2D4700220389 /* HorrorStory.xcdatamodeld in Sources */,
				A2358EC8293B2D4700220389 /* AppDelegate.swift in Sources */,
				A26AB84E293EE4F30036C000 /* Constants.swift in Sources */,
				A2535191293E2351000DEF86 /* OverViewModel.swift in Sources */,
				A235853D294C683200B85F22 /* CoreDataService.swift in Sources */,
				A2358ECA293B2D4700220389 /* SceneDelegate.swift in Sources */,
				A26B16F0294B186200645EA6 /* Ch1UrlParseModel.swift in Sources */,
				A273538C29588FAB000EB48E /* CoreDataStack.swift in Sources */,
				A26B16F4294B249A00645EA6 /* Ch3UrlParseModel.swift in Sources */,
				A25B89AF2945677800DCF035 /* LikeListViewController.swift in Sources */,
				A2B2EA79293F254000A22FEA /* PlayListTableViewCell.swift in Sources */,
				A26645CB29434039009371A8 /* VideoModel.swift in Sources */,
			);
			runOnlyForDeploymentPostprocessing = 0;
		};
/* End PBXSourcesBuildPhase section */

/* Begin PBXVariantGroup section */
		A2358ECD293B2D4700220389 /* Main.storyboard */ = {
			isa = PBXVariantGroup;
			children = (
				A2358ECE293B2D4700220389 /* Base */,
			);
			name = Main.storyboard;
			sourceTree = "<group>";
		};
		A2358ED5293B2D4800220389 /* LaunchScreen.storyboard */ = {
			isa = PBXVariantGroup;
			children = (
				A2358ED6293B2D4800220389 /* Base */,
			);
			name = LaunchScreen.storyboard;
			sourceTree = "<group>";
		};
/* End PBXVariantGroup section */

/* Begin XCBuildConfiguration section */
		A2358ED9293B2D4800220389 /* Debug */ = {
			isa = XCBuildConfiguration;
			buildSettings = {
				ALWAYS_SEARCH_USER_PATHS = NO;
				CLANG_ANALYZER_NONNULL = YES;
				CLANG_ANALYZER_NUMBER_OBJECT_CONVERSION = YES_AGGRESSIVE;
				CLANG_CXX_LANGUAGE_STANDARD = "gnu++17";
				CLANG_CXX_LIBRARY = "libc++";
				CLANG_ENABLE_MODULES = YES;
				CLANG_ENABLE_OBJC_ARC = YES;
				CLANG_ENABLE_OBJC_WEAK = YES;
				CLANG_WARN_BLOCK_CAPTURE_AUTORELEASING = YES;
				CLANG_WARN_BOOL_CONVERSION = YES;
				CLANG_WARN_COMMA = YES;
				CLANG_WARN_CONSTANT_CONVERSION = YES;
				CLANG_WARN_DEPRECATED_OBJC_IMPLEMENTATIONS = YES;
				CLANG_WARN_DIRECT_OBJC_ISA_USAGE = YES_ERROR;
				CLANG_WARN_DOCUMENTATION_COMMENTS = YES;
				CLANG_WARN_EMPTY_BODY = YES;
				CLANG_WARN_ENUM_CONVERSION = YES;
				CLANG_WARN_INFINITE_RECURSION = YES;
				CLANG_WARN_INT_CONVERSION = YES;
				CLANG_WARN_NON_LITERAL_NULL_CONVERSION = YES;
				CLANG_WARN_OBJC_IMPLICIT_RETAIN_SELF = YES;
				CLANG_WARN_OBJC_LITERAL_CONVERSION = YES;
				CLANG_WARN_OBJC_ROOT_CLASS = YES_ERROR;
				CLANG_WARN_QUOTED_INCLUDE_IN_FRAMEWORK_HEADER = YES;
				CLANG_WARN_RANGE_LOOP_ANALYSIS = YES;
				CLANG_WARN_STRICT_PROTOTYPES = YES;
				CLANG_WARN_SUSPICIOUS_MOVE = YES;
				CLANG_WARN_UNGUARDED_AVAILABILITY = YES_AGGRESSIVE;
				CLANG_WARN_UNREACHABLE_CODE = YES;
				CLANG_WARN__DUPLICATE_METHOD_MATCH = YES;
				COPY_PHASE_STRIP = NO;
				DEBUG_INFORMATION_FORMAT = dwarf;
				ENABLE_STRICT_OBJC_MSGSEND = YES;
				ENABLE_TESTABILITY = YES;
				GCC_C_LANGUAGE_STANDARD = gnu11;
				GCC_DYNAMIC_NO_PIC = NO;
				GCC_NO_COMMON_BLOCKS = YES;
				GCC_OPTIMIZATION_LEVEL = 0;
				GCC_PREPROCESSOR_DEFINITIONS = (
					"DEBUG=1",
					"$(inherited)",
				);
				GCC_WARN_64_TO_32_BIT_CONVERSION = YES;
				GCC_WARN_ABOUT_RETURN_TYPE = YES_ERROR;
				GCC_WARN_UNDECLARED_SELECTOR = YES;
				GCC_WARN_UNINITIALIZED_AUTOS = YES_AGGRESSIVE;
				GCC_WARN_UNUSED_FUNCTION = YES;
				GCC_WARN_UNUSED_VARIABLE = YES;
				IPHONEOS_DEPLOYMENT_TARGET = 13.0;
				MTL_ENABLE_DEBUG_INFO = INCLUDE_SOURCE;
				MTL_FAST_MATH = YES;
				ONLY_ACTIVE_ARCH = YES;
				SDKROOT = iphoneos;
				SWIFT_ACTIVE_COMPILATION_CONDITIONS = DEBUG;
				SWIFT_OPTIMIZATION_LEVEL = "-Onone";
			};
			name = Debug;
		};
		A2358EDA293B2D4800220389 /* Release */ = {
			isa = XCBuildConfiguration;
			buildSettings = {
				ALWAYS_SEARCH_USER_PATHS = NO;
				CLANG_ANALYZER_NONNULL = YES;
				CLANG_ANALYZER_NUMBER_OBJECT_CONVERSION = YES_AGGRESSIVE;
				CLANG_CXX_LANGUAGE_STANDARD = "gnu++17";
				CLANG_CXX_LIBRARY = "libc++";
				CLANG_ENABLE_MODULES = YES;
				CLANG_ENABLE_OBJC_ARC = YES;
				CLANG_ENABLE_OBJC_WEAK = YES;
				CLANG_WARN_BLOCK_CAPTURE_AUTORELEASING = YES;
				CLANG_WARN_BOOL_CONVERSION = YES;
				CLANG_WARN_COMMA = YES;
				CLANG_WARN_CONSTANT_CONVERSION = YES;
				CLANG_WARN_DEPRECATED_OBJC_IMPLEMENTATIONS = YES;
				CLANG_WARN_DIRECT_OBJC_ISA_USAGE = YES_ERROR;
				CLANG_WARN_DOCUMENTATION_COMMENTS = YES;
				CLANG_WARN_EMPTY_BODY = YES;
				CLANG_WARN_ENUM_CONVERSION = YES;
				CLANG_WARN_INFINITE_RECURSION = YES;
				CLANG_WARN_INT_CONVERSION = YES;
				CLANG_WARN_NON_LITERAL_NULL_CONVERSION = YES;
				CLANG_WARN_OBJC_IMPLICIT_RETAIN_SELF = YES;
				CLANG_WARN_OBJC_LITERAL_CONVERSION = YES;
				CLANG_WARN_OBJC_ROOT_CLASS = YES_ERROR;
				CLANG_WARN_QUOTED_INCLUDE_IN_FRAMEWORK_HEADER = YES;
				CLANG_WARN_RANGE_LOOP_ANALYSIS = YES;
				CLANG_WARN_STRICT_PROTOTYPES = YES;
				CLANG_WARN_SUSPICIOUS_MOVE = YES;
				CLANG_WARN_UNGUARDED_AVAILABILITY = YES_AGGRESSIVE;
				CLANG_WARN_UNREACHABLE_CODE = YES;
				CLANG_WARN__DUPLICATE_METHOD_MATCH = YES;
				COPY_PHASE_STRIP = NO;
				DEBUG_INFORMATION_FORMAT = "dwarf-with-dsym";
				ENABLE_NS_ASSERTIONS = NO;
				ENABLE_STRICT_OBJC_MSGSEND = YES;
				GCC_C_LANGUAGE_STANDARD = gnu11;
				GCC_NO_COMMON_BLOCKS = YES;
				GCC_WARN_64_TO_32_BIT_CONVERSION = YES;
				GCC_WARN_ABOUT_RETURN_TYPE = YES_ERROR;
				GCC_WARN_UNDECLARED_SELECTOR = YES;
				GCC_WARN_UNINITIALIZED_AUTOS = YES_AGGRESSIVE;
				GCC_WARN_UNUSED_FUNCTION = YES;
				GCC_WARN_UNUSED_VARIABLE = YES;
				IPHONEOS_DEPLOYMENT_TARGET = 13.0;
				MTL_ENABLE_DEBUG_INFO = NO;
				MTL_FAST_MATH = YES;
				SDKROOT = iphoneos;
				SWIFT_COMPILATION_MODE = wholemodule;
				SWIFT_OPTIMIZATION_LEVEL = "-O";
				VALIDATE_PRODUCT = YES;
			};
			name = Release;
		};
		A2358EDC293B2D4800220389 /* Debug */ = {
			isa = XCBuildConfiguration;
			buildSettings = {
				ASSETCATALOG_COMPILER_APPICON_NAME = AppIcon;
				ASSETCATALOG_COMPILER_GLOBAL_ACCENT_COLOR_NAME = AccentColor;
				CODE_SIGN_STYLE = Automatic;
				CURRENT_PROJECT_VERSION = 1;
				DEVELOPMENT_TEAM = BT4Q723987;
				GENERATE_INFOPLIST_FILE = YES;
				INFOPLIST_FILE = HorrorStory/Info.plist;
				INFOPLIST_KEY_UIApplicationSupportsIndirectInputEvents = YES;
				INFOPLIST_KEY_UILaunchStoryboardName = LaunchScreen;
				INFOPLIST_KEY_UIMainStoryboardFile = Main;
				INFOPLIST_KEY_UISupportedInterfaceOrientations_iPad = "UIInterfaceOrientationPortrait UIInterfaceOrientationPortraitUpsideDown UIInterfaceOrientationLandscapeLeft UIInterfaceOrientationLandscapeRight";
				INFOPLIST_KEY_UISupportedInterfaceOrientations_iPhone = "UIInterfaceOrientationPortrait UIInterfaceOrientationLandscapeLeft UIInterfaceOrientationLandscapeRight";
				LD_RUNPATH_SEARCH_PATHS = (
					"$(inherited)",
					"@executable_path/Frameworks",
				);
				MARKETING_VERSION = 1.0;
				PRODUCT_BUNDLE_IDENTIFIER = com.appsgogo.HorrorStory;
				PRODUCT_NAME = "$(TARGET_NAME)";
				SWIFT_EMIT_LOC_STRINGS = YES;
				SWIFT_VERSION = 5.0;
				TARGETED_DEVICE_FAMILY = "1,2";
			};
			name = Debug;
		};
		A2358EDD293B2D4800220389 /* Release */ = {
			isa = XCBuildConfiguration;
			buildSettings = {
				ASSETCATALOG_COMPILER_APPICON_NAME = AppIcon;
				ASSETCATALOG_COMPILER_GLOBAL_ACCENT_COLOR_NAME = AccentColor;
				CODE_SIGN_STYLE = Automatic;
				CURRENT_PROJECT_VERSION = 1;
				DEVELOPMENT_TEAM = BT4Q723987;
				GENERATE_INFOPLIST_FILE = YES;
				INFOPLIST_FILE = HorrorStory/Info.plist;
				INFOPLIST_KEY_UIApplicationSupportsIndirectInputEvents = YES;
				INFOPLIST_KEY_UILaunchStoryboardName = LaunchScreen;
				INFOPLIST_KEY_UIMainStoryboardFile = Main;
				INFOPLIST_KEY_UISupportedInterfaceOrientations_iPad = "UIInterfaceOrientationPortrait UIInterfaceOrientationPortraitUpsideDown UIInterfaceOrientationLandscapeLeft UIInterfaceOrientationLandscapeRight";
				INFOPLIST_KEY_UISupportedInterfaceOrientations_iPhone = "UIInterfaceOrientationPortrait UIInterfaceOrientationLandscapeLeft UIInterfaceOrientationLandscapeRight";
				LD_RUNPATH_SEARCH_PATHS = (
					"$(inherited)",
					"@executable_path/Frameworks",
				);
				MARKETING_VERSION = 1.0;
				PRODUCT_BUNDLE_IDENTIFIER = com.appsgogo.HorrorStory;
				PRODUCT_NAME = "$(TARGET_NAME)";
				SWIFT_EMIT_LOC_STRINGS = YES;
				SWIFT_VERSION = 5.0;
				TARGETED_DEVICE_FAMILY = "1,2";
			};
			name = Release;
		};
/* End XCBuildConfiguration section */

/* Begin XCConfigurationList section */
		A2358EBF293B2D4700220389 /* Build configuration list for PBXProject "HorrorStory" */ = {
			isa = XCConfigurationList;
			buildConfigurations = (
				A2358ED9293B2D4800220389 /* Debug */,
				A2358EDA293B2D4800220389 /* Release */,
			);
			defaultConfigurationIsVisible = 0;
			defaultConfigurationName = Release;
		};
		A2358EDB293B2D4800220389 /* Build configuration list for PBXNativeTarget "HorrorStory" */ = {
			isa = XCConfigurationList;
			buildConfigurations = (
				A2358EDC293B2D4800220389 /* Debug */,
				A2358EDD293B2D4800220389 /* Release */,
			);
			defaultConfigurationIsVisible = 0;
			defaultConfigurationName = Release;
		};
/* End XCConfigurationList section */

/* Begin XCVersionGroup section */
		A2358ED0293B2D4700220389 /* HorrorStory.xcdatamodeld */ = {
			isa = XCVersionGroup;
			children = (
				A2358ED1293B2D4700220389 /* HorrorStory.xcdatamodel */,
			);
			currentVersion = A2358ED1293B2D4700220389 /* HorrorStory.xcdatamodel */;
			path = HorrorStory.xcdatamodeld;
			sourceTree = "<group>";
			versionGroupType = wrapper.xcdatamodel;
		};
/* End XCVersionGroup section */
	};
	rootObject = A2358EBC293B2D4700220389 /* Project object */;
}
